
Microsoft Visual Studio Solution File, Format Version 12.00
# Visual Studio Version 16
VisualStudioVersion = 16.0.31410.357
MinimumVisualStudioVersion = 10.0.40219.1
Project("{FAE04EC0-301F-11D3-BF4B-00C04F79EFBC}") = "StocksCodingChallenge", "StocksCodingChallenge\StocksCodingChallenge.csproj", "{016D9BCD-0D2F-4DAC-A09B-3FFE73AE1798}"
EndProject
Project("{FAE04EC0-301F-11D3-BF4B-00C04F79EFBC}") = "StocksTesting", "StocksTesting\StocksTesting.csproj", "{6B01774D-AC97-4B2F-AB8E-278AC3E458CB}"
EndProject
Global
	GlobalSection(SolutionConfigurationPlatforms) = preSolution
		Debug|Any CPU = Debug|Any CPU
		Release|Any CPU = Release|Any CPU
	EndGlobalSection
	GlobalSection(ProjectConfigurationPlatforms) = postSolution
		{016D9BCD-0D2F-4DAC-A09B-3FFE73AE1798}.Debug|Any CPU.ActiveCfg = Debug|Any CPU
		{016D9BCD-0D2F-4DAC-A09B-3FFE73AE1798}.Debug|Any CPU.Build.0 = Debug|Any CPU
		{016D9BCD-0D2F-4DAC-A09B-3FFE73AE1798}.Release|Any CPU.ActiveCfg = Release|Any CPU
		{016D9BCD-0D2F-4DAC-A09B-3FFE73AE1798}.Release|Any CPU.Build.0 = Release|Any CPU
		{6B01774D-AC97-4B2F-AB8E-278AC3E458CB}.Debug|Any CPU.ActiveCfg = Debug|Any CPU
		{6B01774D-AC97-4B2F-AB8E-278AC3E458CB}.Debug|Any CPU.Build.0 = Debug|Any CPU
		{6B01774D-AC97-4B2F-AB8E-278AC3E458CB}.Release|Any CPU.ActiveCfg = Release|Any CPU
		{6B01774D-AC97-4B2F-AB8E-278AC3E458CB}.Release|Any CPU.Build.0 = Release|Any CPU
	EndGlobalSection
	GlobalSection(SolutionProperties) = preSolution
		HideSolutionNode = FALSE
	EndGlobalSection
	GlobalSection(ExtensibilityGlobals) = postSolution
		SolutionGuid = {8439480F-4666-485D-B3BA-E105322F6BFC}
	EndGlobalSection
EndGlobal
